
Microsoft Visual Studio Solution File, Format Version 12.00
# Visual Studio Version 16
VisualStudioVersion = 16.0.29411.108
MinimumVisualStudioVersion = 10.0.40219.1
Project("{9A19103F-16F7-4668-BE54-9A1E7A4F7556}") = "01. Dating App", "91. Dating App\01. Dating App.csproj", "{BED98786-2328-4CF1-AD7C-BA50743B7F25}"
EndProject
Project("{9A19103F-16F7-4668-BE54-9A1E7A4F7556}") = "02. Book Worm", "02. Book Worm\02. Book Worm.csproj", "{23EDE0D5-28E1-49A2-A1D4-6210D5556122}"
EndProject
Global
	GlobalSection(SolutionConfigurationPlatforms) = preSolution
		Debug|Any CPU = Debug|Any CPU
		Release|Any CPU = Release|Any CPU
	EndGlobalSection
	GlobalSection(ProjectConfigurationPlatforms) = postSolution
		{BED98786-2328-4CF1-AD7C-BA50743B7F25}.Debug|Any CPU.ActiveCfg = Debug|Any CPU
		{BED98786-2328-4CF1-AD7C-BA50743B7F25}.Debug|Any CPU.Build.0 = Debug|Any CPU
		{BED98786-2328-4CF1-AD7C-BA50743B7F25}.Release|Any CPU.ActiveCfg = Release|Any CPU
		{BED98786-2328-4CF1-AD7C-BA50743B7F25}.Release|Any CPU.Build.0 = Release|Any CPU
		{23EDE0D5-28E1-49A2-A1D4-6210D5556122}.Debug|Any CPU.ActiveCfg = Debug|Any CPU
		{23EDE0D5-28E1-49A2-A1D4-6210D5556122}.Debug|Any CPU.Build.0 = Debug|Any CPU
		{23EDE0D5-28E1-49A2-A1D4-6210D5556122}.Release|Any CPU.ActiveCfg = Release|Any CPU
		{23EDE0D5-28E1-49A2-A1D4-6210D5556122}.Release|Any CPU.Build.0 = Release|Any CPU
	EndGlobalSection
	GlobalSection(SolutionProperties) = preSolution
		HideSolutionNode = FALSE
	EndGlobalSection
	GlobalSection(ExtensibilityGlobals) = postSolution
		SolutionGuid = {6AC51056-63D1-4E98-B63C-6B84C1299D29}
	EndGlobalSection
EndGlobal
