
Microsoft Visual Studio Solution File, Format Version 12.00
# Visual Studio Version 16
VisualStudioVersion = 16.0.29411.108
MinimumVisualStudioVersion = 10.0.40219.1
Project("{FAE04EC0-301F-11D3-BF4B-00C04F79EFBC}") = "01. Club Party", "01. Club Party\01. Club Party.csproj", "{DDDDD02B-C521-4C87-BA40-E4471DF973D2}"
EndProject
Project("{FAE04EC0-301F-11D3-BF4B-00C04F79EFBC}") = "02. Tron Racers", "02. Tron Racers\02. Tron Racers.csproj", "{698F6538-7116-4FB0-B43D-B79529CC9063}"
EndProject
Global
	GlobalSection(SolutionConfigurationPlatforms) = preSolution
		Debug|Any CPU = Debug|Any CPU
		Release|Any CPU = Release|Any CPU
	EndGlobalSection
	GlobalSection(ProjectConfigurationPlatforms) = postSolution
		{DDDDD02B-C521-4C87-BA40-E4471DF973D2}.Debug|Any CPU.ActiveCfg = Debug|Any CPU
		{DDDDD02B-C521-4C87-BA40-E4471DF973D2}.Debug|Any CPU.Build.0 = Debug|Any CPU
		{DDDDD02B-C521-4C87-BA40-E4471DF973D2}.Release|Any CPU.ActiveCfg = Release|Any CPU
		{DDDDD02B-C521-4C87-BA40-E4471DF973D2}.Release|Any CPU.Build.0 = Release|Any CPU
		{698F6538-7116-4FB0-B43D-B79529CC9063}.Debug|Any CPU.ActiveCfg = Debug|Any CPU
		{698F6538-7116-4FB0-B43D-B79529CC9063}.Debug|Any CPU.Build.0 = Debug|Any CPU
		{698F6538-7116-4FB0-B43D-B79529CC9063}.Release|Any CPU.ActiveCfg = Release|Any CPU
		{698F6538-7116-4FB0-B43D-B79529CC9063}.Release|Any CPU.Build.0 = Release|Any CPU
	EndGlobalSection
	GlobalSection(SolutionProperties) = preSolution
		HideSolutionNode = FALSE
	EndGlobalSection
	GlobalSection(ExtensibilityGlobals) = postSolution
		SolutionGuid = {6A30F915-105E-475C-955A-B53B7DA83C4A}
	EndGlobalSection
EndGlobal
