
Microsoft Visual Studio Solution File, Format Version 12.00
# Visual Studio Version 16
VisualStudioVersion = 16.0.30225.117
MinimumVisualStudioVersion = 10.0.40219.1
Project("{9A19103F-16F7-4668-BE54-9A1E7A4F7556}") = "P01_StudentSystem", "P01_StudentSystem\P01_StudentSystem.csproj", "{768F57EA-DEB6-4F76-9070-A474C45D7960}"
EndProject
Project("{FAE04EC0-301F-11D3-BF4B-00C04F79EFBC}") = "P03_FootballBetting", "P03_FootballBetting\P03_FootballBetting.csproj", "{716CBCD3-71CF-4CA5-9334-515058A6FB54}"
EndProject
Global
	GlobalSection(SolutionConfigurationPlatforms) = preSolution
		Debug|Any CPU = Debug|Any CPU
		Release|Any CPU = Release|Any CPU
	EndGlobalSection
	GlobalSection(ProjectConfigurationPlatforms) = postSolution
		{768F57EA-DEB6-4F76-9070-A474C45D7960}.Debug|Any CPU.ActiveCfg = Debug|Any CPU
		{768F57EA-DEB6-4F76-9070-A474C45D7960}.Debug|Any CPU.Build.0 = Debug|Any CPU
		{768F57EA-DEB6-4F76-9070-A474C45D7960}.Release|Any CPU.ActiveCfg = Release|Any CPU
		{768F57EA-DEB6-4F76-9070-A474C45D7960}.Release|Any CPU.Build.0 = Release|Any CPU
		{716CBCD3-71CF-4CA5-9334-515058A6FB54}.Debug|Any CPU.ActiveCfg = Debug|Any CPU
		{716CBCD3-71CF-4CA5-9334-515058A6FB54}.Debug|Any CPU.Build.0 = Debug|Any CPU
		{716CBCD3-71CF-4CA5-9334-515058A6FB54}.Release|Any CPU.ActiveCfg = Release|Any CPU
		{716CBCD3-71CF-4CA5-9334-515058A6FB54}.Release|Any CPU.Build.0 = Release|Any CPU
	EndGlobalSection
	GlobalSection(SolutionProperties) = preSolution
		HideSolutionNode = FALSE
	EndGlobalSection
	GlobalSection(ExtensibilityGlobals) = postSolution
		SolutionGuid = {B5BEC21C-0800-46D6-B2F5-0DCF065F7E3F}
	EndGlobalSection
EndGlobal
