
Microsoft Visual Studio Solution File, Format Version 12.00
# Visual Studio Version 16
VisualStudioVersion = 16.0.28922.388
MinimumVisualStudioVersion = 10.0.40219.1
Project("{FAE04EC0-301F-11D3-BF4B-00C04F79EFBC}") = "01-04", "DefiningClasses\01-04.csproj", "{52084DB6-DF87-450C-B0C3-BD29DBA9CF68}"
EndProject
Project("{FAE04EC0-301F-11D3-BF4B-00C04F79EFBC}") = "DefiningClasses", "DefiningClasses\DefiningClasses.csproj", "{13E6554A-3F36-4748-9CDA-686D1EC5FFBC}"
EndProject
Global
	GlobalSection(SolutionConfigurationPlatforms) = preSolution
		Debug|Any CPU = Debug|Any CPU
		Release|Any CPU = Release|Any CPU
	EndGlobalSection
	GlobalSection(ProjectConfigurationPlatforms) = postSolution
		{52084DB6-DF87-450C-B0C3-BD29DBA9CF68}.Debug|Any CPU.ActiveCfg = Debug|Any CPU
		{52084DB6-DF87-450C-B0C3-BD29DBA9CF68}.Debug|Any CPU.Build.0 = Debug|Any CPU
		{52084DB6-DF87-450C-B0C3-BD29DBA9CF68}.Release|Any CPU.ActiveCfg = Release|Any CPU
		{52084DB6-DF87-450C-B0C3-BD29DBA9CF68}.Release|Any CPU.Build.0 = Release|Any CPU
		{13E6554A-3F36-4748-9CDA-686D1EC5FFBC}.Debug|Any CPU.ActiveCfg = Debug|Any CPU
		{13E6554A-3F36-4748-9CDA-686D1EC5FFBC}.Debug|Any CPU.Build.0 = Debug|Any CPU
		{13E6554A-3F36-4748-9CDA-686D1EC5FFBC}.Release|Any CPU.ActiveCfg = Release|Any CPU
		{13E6554A-3F36-4748-9CDA-686D1EC5FFBC}.Release|Any CPU.Build.0 = Release|Any CPU
	EndGlobalSection
	GlobalSection(SolutionProperties) = preSolution
		HideSolutionNode = FALSE
	EndGlobalSection
	GlobalSection(ExtensibilityGlobals) = postSolution
		SolutionGuid = {ED1E55AB-FD50-4E6C-8FBF-B7F960D0DDA7}
	EndGlobalSection
EndGlobal
