
Microsoft Visual Studio Solution File, Format Version 12.00
# Visual Studio 15
VisualStudioVersion = 15.0.28307.168
MinimumVisualStudioVersion = 10.0.40219.1
Project("{FAE04EC0-301F-11D3-BF4B-00C04F79EFBC}") = "01. Sea Trip", "01. Sea Trip\01. Sea Trip.csproj", "{E2E1E570-D182-4C45-9FE0-D7D8E11790AF}"
EndProject
Project("{FAE04EC0-301F-11D3-BF4B-00C04F79EFBC}") = "02. Spaceship", "02. Spaceship\02. Spaceship.csproj", "{18C9F868-42D6-4B28-B2C3-839EA0C3B57E}"
EndProject
Project("{FAE04EC0-301F-11D3-BF4B-00C04F79EFBC}") = "03. Sushi Time", "03. Sushi Time\03. Sushi Time.csproj", "{D0777335-F29B-4E36-B52C-5BE4D5D49833}"
EndProject
Project("{FAE04EC0-301F-11D3-BF4B-00C04F79EFBC}") = "04. Bachelor Party", "04. Bachelor Party\04. Bachelor Party.csproj", "{4E2D0928-7838-4EAB-98C1-86A4B39B80A2}"
EndProject
Project("{FAE04EC0-301F-11D3-BF4B-00C04F79EFBC}") = "05. Bus", "05. Bus\05. Bus.csproj", "{BFCDAB59-9286-4A90-A68D-06104736F114}"
EndProject
Project("{FAE04EC0-301F-11D3-BF4B-00C04F79EFBC}") = "06. Multiply Table", "06. Multiply Table\06. Multiply Table.csproj", "{042A163B-F9EA-467F-946C-77B28372840C}"
EndProject
Global
	GlobalSection(SolutionConfigurationPlatforms) = preSolution
		Debug|Any CPU = Debug|Any CPU
		Release|Any CPU = Release|Any CPU
	EndGlobalSection
	GlobalSection(ProjectConfigurationPlatforms) = postSolution
		{E2E1E570-D182-4C45-9FE0-D7D8E11790AF}.Debug|Any CPU.ActiveCfg = Debug|Any CPU
		{E2E1E570-D182-4C45-9FE0-D7D8E11790AF}.Debug|Any CPU.Build.0 = Debug|Any CPU
		{E2E1E570-D182-4C45-9FE0-D7D8E11790AF}.Release|Any CPU.ActiveCfg = Release|Any CPU
		{E2E1E570-D182-4C45-9FE0-D7D8E11790AF}.Release|Any CPU.Build.0 = Release|Any CPU
		{18C9F868-42D6-4B28-B2C3-839EA0C3B57E}.Debug|Any CPU.ActiveCfg = Debug|Any CPU
		{18C9F868-42D6-4B28-B2C3-839EA0C3B57E}.Debug|Any CPU.Build.0 = Debug|Any CPU
		{18C9F868-42D6-4B28-B2C3-839EA0C3B57E}.Release|Any CPU.ActiveCfg = Release|Any CPU
		{18C9F868-42D6-4B28-B2C3-839EA0C3B57E}.Release|Any CPU.Build.0 = Release|Any CPU
		{D0777335-F29B-4E36-B52C-5BE4D5D49833}.Debug|Any CPU.ActiveCfg = Debug|Any CPU
		{D0777335-F29B-4E36-B52C-5BE4D5D49833}.Debug|Any CPU.Build.0 = Debug|Any CPU
		{D0777335-F29B-4E36-B52C-5BE4D5D49833}.Release|Any CPU.ActiveCfg = Release|Any CPU
		{D0777335-F29B-4E36-B52C-5BE4D5D49833}.Release|Any CPU.Build.0 = Release|Any CPU
		{4E2D0928-7838-4EAB-98C1-86A4B39B80A2}.Debug|Any CPU.ActiveCfg = Debug|Any CPU
		{4E2D0928-7838-4EAB-98C1-86A4B39B80A2}.Debug|Any CPU.Build.0 = Debug|Any CPU
		{4E2D0928-7838-4EAB-98C1-86A4B39B80A2}.Release|Any CPU.ActiveCfg = Release|Any CPU
		{4E2D0928-7838-4EAB-98C1-86A4B39B80A2}.Release|Any CPU.Build.0 = Release|Any CPU
		{BFCDAB59-9286-4A90-A68D-06104736F114}.Debug|Any CPU.ActiveCfg = Debug|Any CPU
		{BFCDAB59-9286-4A90-A68D-06104736F114}.Debug|Any CPU.Build.0 = Debug|Any CPU
		{BFCDAB59-9286-4A90-A68D-06104736F114}.Release|Any CPU.ActiveCfg = Release|Any CPU
		{BFCDAB59-9286-4A90-A68D-06104736F114}.Release|Any CPU.Build.0 = Release|Any CPU
		{042A163B-F9EA-467F-946C-77B28372840C}.Debug|Any CPU.ActiveCfg = Debug|Any CPU
		{042A163B-F9EA-467F-946C-77B28372840C}.Debug|Any CPU.Build.0 = Debug|Any CPU
		{042A163B-F9EA-467F-946C-77B28372840C}.Release|Any CPU.ActiveCfg = Release|Any CPU
		{042A163B-F9EA-467F-946C-77B28372840C}.Release|Any CPU.Build.0 = Release|Any CPU
	EndGlobalSection
	GlobalSection(SolutionProperties) = preSolution
		HideSolutionNode = FALSE
	EndGlobalSection
	GlobalSection(ExtensibilityGlobals) = postSolution
		SolutionGuid = {47F92827-0C74-4FB6-AA45-14CB67E61C4F}
	EndGlobalSection
EndGlobal
